
Microsoft Visual Studio Solution File, Format Version 12.00
# Visual Studio Version 16
VisualStudioVersion = 16.0.30320.27
MinimumVisualStudioVersion = 10.0.40219.1
Project("{FAE04EC0-301F-11D3-BF4B-00C04F79EFBC}") = "shape_area", "shape_area\shape_area.csproj", "{4C6894D2-2BF0-45C3-AF95-D699A46F599A}"
EndProject
Global
	GlobalSection(SolutionConfigurationPlatforms) = preSolution
		Debug|Any CPU = Debug|Any CPU
		Release|Any CPU = Release|Any CPU
	EndGlobalSection
	GlobalSection(ProjectConfigurationPlatforms) = postSolution
		{4C6894D2-2BF0-45C3-AF95-D699A46F599A}.Debug|Any CPU.ActiveCfg = Debug|Any CPU
		{4C6894D2-2BF0-45C3-AF95-D699A46F599A}.Debug|Any CPU.Build.0 = Debug|Any CPU
		{4C6894D2-2BF0-45C3-AF95-D699A46F599A}.Release|Any CPU.ActiveCfg = Release|Any CPU
		{4C6894D2-2BF0-45C3-AF95-D699A46F599A}.Release|Any CPU.Build.0 = Release|Any CPU
	EndGlobalSection
	GlobalSection(SolutionProperties) = preSolution
		HideSolutionNode = FALSE
	EndGlobalSection
	GlobalSection(ExtensibilityGlobals) = postSolution
		SolutionGuid = {82634C85-E9B2-402D-B2C7-70161AFFD6B8}
	EndGlobalSection
EndGlobal
